# @generated - this file is auto-generated by `mise lock` https://mise.jdx.dev/dev-tools/mise-lock.html

[[tools.deno]]
version = "2.9.5"
backend = "core:deno"

[tools.deno."platforms.linux-arm64"]
checksum = "sha256:6b7cae3a8fc4385a59dea3146fcb8bad7fea4230e0ad36a8c692afacbc254be0"
url = "https://dl.deno.land/release/v2.9.5/deno-aarch64-unknown-linux-gnu.zip"

[tools.deno."platforms.linux-arm64-musl"]
checksum = "sha256:6b7cae3a8fc4385a59dea3146fcb8bad7fea4230e0ad36a8c692afacbc254be0"
url = "https://dl.deno.land/release/v2.9.5/deno-aarch64-unknown-linux-gnu.zip"

[tools.deno."platforms.linux-x64"]
checksum = "sha256:8b010a3b1a4a0188a67cdb8a7a27348b2a501af78aec7fc74f2ace167368d530"
url = "https://dl.deno.land/release/v2.9.5/deno-x86_64-unknown-linux-gnu.zip"

[tools.deno."platforms.linux-x64-musl"]
checksum = "sha256:8b010a3b1a4a0188a67cdb8a7a27348b2a501af78aec7fc74f2ace167368d530"
url = "https://dl.deno.land/release/v2.9.5/deno-x86_64-unknown-linux-gnu.zip"

[tools.deno."platforms.macos-arm64"]
checksum = "sha256:b796aadd131f6930560c1ee040cf0d6f53933fbb987464e9ff46bd7ea4830615"
url = "https://dl.deno.land/release/v2.9.5/deno-aarch64-apple-darwin.zip"

[tools.deno."platforms.macos-x64"]
checksum = "sha256:c1b8b89a81e91b2a8b3f96def3195d08cfe3a105651da7908d53061f7140510d"
url = "https://dl.deno.land/release/v2.9.5/deno-x86_64-apple-darwin.zip"

[tools.deno."platforms.windows-x64"]
checksum = "sha256:171efab55ac6b9881fd53ee4c20f8bf3bb1340ffc618483746909014db12216a"
url = "https://dl.deno.land/release/v2.9.5/deno-x86_64-pc-windows-msvc.zip"
